
Microsoft Visual Studio Solution File, Format Version 12.00
# Visual Studio Version 16
VisualStudioVersion = 16.0.810.4
MinimumVisualStudioVersion = 10.0.40219.1
Project("{FAE04EC0-301F-11D3-BF4B-00C04F79EFBC}") = "AppCenterCrashSample.Android", "AppCenterCrashSample.Android\AppCenterCrashSample.Android.csproj", "{D909C70E-A559-416F-9AEF-2E97EE2640F4}"
EndProject
Project("{FAE04EC0-301F-11D3-BF4B-00C04F79EFBC}") = "AppCenterCrashSample.iOS", "AppCenterCrashSample.iOS\AppCenterCrashSample.iOS.csproj", "{88620851-EA2E-4CA0-A4B5-760C9D797DD4}"
EndProject
Project("{FAE04EC0-301F-11D3-BF4B-00C04F79EFBC}") = "AppCenterCrashSample", "AppCenterCrashSample\AppCenterCrashSample.csproj", "{DA234040-9A9D-4418-961F-34EB0E127CD9}"
EndProject
Global
	GlobalSection(SolutionConfigurationPlatforms) = preSolution
		Debug|Any CPU = Debug|Any CPU
		Release|Any CPU = Release|Any CPU
		Debug|iPhoneSimulator = Debug|iPhoneSimulator
		Release|iPhoneSimulator = Release|iPhoneSimulator
		Debug|iPhone = Debug|iPhone
		Release|iPhone = Release|iPhone
	EndGlobalSection
	GlobalSection(ProjectConfigurationPlatforms) = postSolution
		{D909C70E-A559-416F-9AEF-2E97EE2640F4}.Debug|Any CPU.ActiveCfg = Debug|Any CPU
		{D909C70E-A559-416F-9AEF-2E97EE2640F4}.Debug|Any CPU.Build.0 = Debug|Any CPU
		{D909C70E-A559-416F-9AEF-2E97EE2640F4}.Release|Any CPU.ActiveCfg = Release|Any CPU
		{D909C70E-A559-416F-9AEF-2E97EE2640F4}.Release|Any CPU.Build.0 = Release|Any CPU
		{D909C70E-A559-416F-9AEF-2E97EE2640F4}.Debug|iPhoneSimulator.ActiveCfg = Debug|Any CPU
		{D909C70E-A559-416F-9AEF-2E97EE2640F4}.Debug|iPhoneSimulator.Build.0 = Debug|Any CPU
		{D909C70E-A559-416F-9AEF-2E97EE2640F4}.Release|iPhoneSimulator.ActiveCfg = Release|Any CPU
		{D909C70E-A559-416F-9AEF-2E97EE2640F4}.Release|iPhoneSimulator.Build.0 = Release|Any CPU
		{D909C70E-A559-416F-9AEF-2E97EE2640F4}.Debug|iPhone.ActiveCfg = Debug|Any CPU
		{D909C70E-A559-416F-9AEF-2E97EE2640F4}.Debug|iPhone.Build.0 = Debug|Any CPU
		{D909C70E-A559-416F-9AEF-2E97EE2640F4}.Release|iPhone.ActiveCfg = Release|Any CPU
		{D909C70E-A559-416F-9AEF-2E97EE2640F4}.Release|iPhone.Build.0 = Release|Any CPU
		{88620851-EA2E-4CA0-A4B5-760C9D797DD4}.Debug|Any CPU.ActiveCfg = Debug|iPhoneSimulator
		{88620851-EA2E-4CA0-A4B5-760C9D797DD4}.Debug|Any CPU.Build.0 = Debug|iPhoneSimulator
		{88620851-EA2E-4CA0-A4B5-760C9D797DD4}.Release|Any CPU.ActiveCfg = Release|iPhoneSimulator
		{88620851-EA2E-4CA0-A4B5-760C9D797DD4}.Release|Any CPU.Build.0 = Release|iPhoneSimulator
		{88620851-EA2E-4CA0-A4B5-760C9D797DD4}.Debug|iPhoneSimulator.ActiveCfg = Debug|iPhoneSimulator
		{88620851-EA2E-4CA0-A4B5-760C9D797DD4}.Debug|iPhoneSimulator.Build.0 = Debug|iPhoneSimulator
		{88620851-EA2E-4CA0-A4B5-760C9D797DD4}.Release|iPhoneSimulator.ActiveCfg = Release|iPhoneSimulator
		{88620851-EA2E-4CA0-A4B5-760C9D797DD4}.Release|iPhoneSimulator.Build.0 = Release|iPhoneSimulator
		{88620851-EA2E-4CA0-A4B5-760C9D797DD4}.Debug|iPhone.ActiveCfg = Debug|iPhone
		{88620851-EA2E-4CA0-A4B5-760C9D797DD4}.Debug|iPhone.Build.0 = Debug|iPhone
		{88620851-EA2E-4CA0-A4B5-760C9D797DD4}.Release|iPhone.ActiveCfg = Release|iPhone
		{88620851-EA2E-4CA0-A4B5-760C9D797DD4}.Release|iPhone.Build.0 = Release|iPhone
		{DA234040-9A9D-4418-961F-34EB0E127CD9}.Debug|Any CPU.ActiveCfg = Debug|Any CPU
		{DA234040-9A9D-4418-961F-34EB0E127CD9}.Debug|Any CPU.Build.0 = Debug|Any CPU
		{DA234040-9A9D-4418-961F-34EB0E127CD9}.Release|Any CPU.ActiveCfg = Release|Any CPU
		{DA234040-9A9D-4418-961F-34EB0E127CD9}.Release|Any CPU.Build.0 = Release|Any CPU
		{DA234040-9A9D-4418-961F-34EB0E127CD9}.Debug|iPhoneSimulator.ActiveCfg = Debug|Any CPU
		{DA234040-9A9D-4418-961F-34EB0E127CD9}.Debug|iPhoneSimulator.Build.0 = Debug|Any CPU
		{DA234040-9A9D-4418-961F-34EB0E127CD9}.Release|iPhoneSimulator.ActiveCfg = Release|Any CPU
		{DA234040-9A9D-4418-961F-34EB0E127CD9}.Release|iPhoneSimulator.Build.0 = Release|Any CPU
		{DA234040-9A9D-4418-961F-34EB0E127CD9}.Debug|iPhone.ActiveCfg = Debug|Any CPU
		{DA234040-9A9D-4418-961F-34EB0E127CD9}.Debug|iPhone.Build.0 = Debug|Any CPU
		{DA234040-9A9D-4418-961F-34EB0E127CD9}.Release|iPhone.ActiveCfg = Release|Any CPU
		{DA234040-9A9D-4418-961F-34EB0E127CD9}.Release|iPhone.Build.0 = Release|Any CPU
	EndGlobalSection
	GlobalSection(SolutionProperties) = preSolution
		HideSolutionNode = FALSE
	EndGlobalSection
	GlobalSection(ExtensibilityGlobals) = postSolution
		SolutionGuid = {24D49F95-96B7-4EA0-9F74-B01E15B5F87F}
	EndGlobalSection
EndGlobal
